// !$*UTF8*$!
{
	archiveVersion = 1;
	classes = {
	};
	objectVersion = 56;
	objects = {

/* Begin PBXBuildFile section */
		A44DCCFD2B1447720099ADBA /* Onboarding3Image.swift in Sources */ = {isa = PBXBuildFile; fileRef = A44DCCFC2B1447720099ADBA /* Onboarding3Image.swift */; };
		A44DCCFF2B14493F0099ADBA /* Onboarding1Image.swift in Sources */ = {isa = PBXBuildFile; fileRef = A44DCCFE2B14493F0099ADBA /* Onboarding1Image.swift */; };
		A44DCD012B1459100099ADBA /* Onboarding2Image.swift in Sources */ = {isa = PBXBuildFile; fileRef = A44DCD002B1459100099ADBA /* Onboarding2Image.swift */; };
		A44EC5622B03C527007CCB5B /* ImageButton.swift in Sources */ = {isa = PBXBuildFile; fileRef = A44EC5612B03C527007CCB5B /* ImageButton.swift */; };
		A44EC5642B03C594007CCB5B /* FeaturesOnboardingPageView.swift in Sources */ = {isa = PBXBuildFile; fileRef = A44EC5632B03C594007CCB5B /* FeaturesOnboardingPageView.swift */; };
		A44EC5662B03CCC6007CCB5B /* UserNameView.swift in Sources */ = {isa = PBXBuildFile; fileRef = A44EC5652B03CCC6007CCB5B /* UserNameView.swift */; };
		A4530AA42B13F0EC00D423F2 /* AdaptsToKeyboard.swift in Sources */ = {isa = PBXBuildFile; fileRef = A4530AA32B13F0EC00D423F2 /* AdaptsToKeyboard.swift */; };
		A4530AA62B1423A000D423F2 /* LaunchScreen.storyboard in Resources */ = {isa = PBXBuildFile; fileRef = A4530AA52B1423A000D423F2 /* LaunchScreen.storyboard */; };
		A45C14C12B09524A001F7529 /* URLSessionHTTPClient.swift in Sources */ = {isa = PBXBuildFile; fileRef = A45C14C02B09524A001F7529 /* URLSessionHTTPClient.swift */; };
		A45C14C32B09570F001F7529 /* URLSessionHTTPClientTests.swift in Sources */ = {isa = PBXBuildFile; fileRef = A45C14C22B09570F001F7529 /* URLSessionHTTPClientTests.swift */; };
		A45C14C52B0AA695001F7529 /* OpenAIListGeneratorTests.swift in Sources */ = {isa = PBXBuildFile; fileRef = A45C14C42B0AA695001F7529 /* OpenAIListGeneratorTests.swift */; };
		A45C14C72B0ABAE7001F7529 /* OpenAIPromptTests.swift in Sources */ = {isa = PBXBuildFile; fileRef = A45C14C62B0ABAE7001F7529 /* OpenAIPromptTests.swift */; };
		A45C14C92B0AC439001F7529 /* OpenAIListGenerator.swift in Sources */ = {isa = PBXBuildFile; fileRef = A45C14C82B0AC439001F7529 /* OpenAIListGenerator.swift */; };
		A45C14CC2B0AC451001F7529 /* Prompt.swift in Sources */ = {isa = PBXBuildFile; fileRef = A45C14CB2B0AC451001F7529 /* Prompt.swift */; };
		A45C14CE2B0AC4DA001F7529 /* DietaryPreferences.swift in Sources */ = {isa = PBXBuildFile; fileRef = A45C14CD2B0AC4DA001F7529 /* DietaryPreferences.swift */; };
		A45C14D02B0D23EE001F7529 /* ShoppingListReviewViewModel.swift in Sources */ = {isa = PBXBuildFile; fileRef = A45C14CF2B0D23EE001F7529 /* ShoppingListReviewViewModel.swift */; };
		A45C14D42B0D51F3001F7529 /* ShoppingListViewModel.swift in Sources */ = {isa = PBXBuildFile; fileRef = A45C14D32B0D51F3001F7529 /* ShoppingListViewModel.swift */; };
		A45C14D62B0D8F51001F7529 /* UserPreferencesViewModel.swift in Sources */ = {isa = PBXBuildFile; fileRef = A45C14D52B0D8F51001F7529 /* UserPreferencesViewModel.swift */; };
		A45C14D92B0D97A1001F7529 /* UserDefault+Extensions.swift in Sources */ = {isa = PBXBuildFile; fileRef = A45C14D82B0D97A1001F7529 /* UserDefault+Extensions.swift */; };
		A45C14DB2B0D9EEA001F7529 /* UserNameViewModel.swift in Sources */ = {isa = PBXBuildFile; fileRef = A45C14DA2B0D9EEA001F7529 /* UserNameViewModel.swift */; };
		A45C14DF2B0DA55E001F7529 /* UserDetailViewModel.swift in Sources */ = {isa = PBXBuildFile; fileRef = A45C14DE2B0DA55E001F7529 /* UserDetailViewModel.swift */; };
		A45C14E32B0DAD01001F7529 /* OnboardingFlowViewModel.swift in Sources */ = {isa = PBXBuildFile; fileRef = A45C14E22B0DAD01001F7529 /* OnboardingFlowViewModel.swift */; };
		A45C14EC2B0EF2F7001F7529 /* DetailView.swift in Sources */ = {isa = PBXBuildFile; fileRef = A45C14EB2B0EF2F7001F7529 /* DetailView.swift */; };
		A45EA22B2B03D7E20097B863 /* UserDetailView.swift in Sources */ = {isa = PBXBuildFile; fileRef = A45EA22A2B03D7E20097B863 /* UserDetailView.swift */; };
		A45EA22F2B03E8840097B863 /* ShoppingListView.swift in Sources */ = {isa = PBXBuildFile; fileRef = A45EA22E2B03E8840097B863 /* ShoppingListView.swift */; };
		A45EA2352B03FEF90097B863 /* Meal.swift in Sources */ = {isa = PBXBuildFile; fileRef = A45EA2342B03FEF90097B863 /* Meal.swift */; };
		A45EA23B2B043ED30097B863 /* HomeView.swift in Sources */ = {isa = PBXBuildFile; fileRef = A45EA23A2B043ED30097B863 /* HomeView.swift */; };
		A45EA23D2B0441A70097B863 /* FeaturesOnboardingView.swift in Sources */ = {isa = PBXBuildFile; fileRef = A45EA23C2B0441A70097B863 /* FeaturesOnboardingView.swift */; };
		A45EA23F2B0460C60097B863 /* ShoppingListReviewView.swift in Sources */ = {isa = PBXBuildFile; fileRef = A45EA23E2B0460C60097B863 /* ShoppingListReviewView.swift */; };
		A45EA2412B0516210097B863 /* EmptyListView.swift in Sources */ = {isa = PBXBuildFile; fileRef = A45EA2402B0516210097B863 /* EmptyListView.swift */; };
		A45EA2432B0550390097B863 /* UserPreferencesView.swift in Sources */ = {isa = PBXBuildFile; fileRef = A45EA2422B0550390097B863 /* UserPreferencesView.swift */; };
		A45FFE5E2B0F95D2007FE7B3 /* ShoppingListReviewViewModelTests.swift in Sources */ = {isa = PBXBuildFile; fileRef = A45FFE5D2B0F95D2007FE7B3 /* ShoppingListReviewViewModelTests.swift */; };
		A45FFE602B0FB237007FE7B3 /* ShoppingListViewModelTests.swift in Sources */ = {isa = PBXBuildFile; fileRef = A45FFE5F2B0FB237007FE7B3 /* ShoppingListViewModelTests.swift */; };
		A45FFE622B10007B007FE7B3 /* DetailViewModel.swift in Sources */ = {isa = PBXBuildFile; fileRef = A45FFE612B10007B007FE7B3 /* DetailViewModel.swift */; };
		A45FFE642B104C1A007FE7B3 /* NotificationName+Extensions.swift in Sources */ = {isa = PBXBuildFile; fileRef = A45FFE632B104C1A007FE7B3 /* NotificationName+Extensions.swift */; };
		A45FFE672B104F5E007FE7B3 /* Meal+Fixture.swift in Sources */ = {isa = PBXBuildFile; fileRef = A45FFE662B104F5E007FE7B3 /* Meal+Fixture.swift */; };
		A45FFE692B10506F007FE7B3 /* Ingredient+Fixture.swift in Sources */ = {isa = PBXBuildFile; fileRef = A45FFE682B10506F007FE7B3 /* Ingredient+Fixture.swift */; };
		A49FC95D2B03C1E700A50F0E /* CapstoneApp.swift in Sources */ = {isa = PBXBuildFile; fileRef = A49FC95C2B03C1E700A50F0E /* CapstoneApp.swift */; };
		A49FC95F2B03C1E700A50F0E /* OnboardingFlowView.swift in Sources */ = {isa = PBXBuildFile; fileRef = A49FC95E2B03C1E700A50F0E /* OnboardingFlowView.swift */; };
		A49FC9612B03C1E800A50F0E /* Assets.xcassets in Resources */ = {isa = PBXBuildFile; fileRef = A49FC9602B03C1E800A50F0E /* Assets.xcassets */; };
		A49FC9642B03C1E800A50F0E /* Preview Assets.xcassets in Resources */ = {isa = PBXBuildFile; fileRef = A49FC9632B03C1E800A50F0E /* Preview Assets.xcassets */; };
		A49FC96E2B03C1E800A50F0E /* BuildYourMealViewModelTests.swift in Sources */ = {isa = PBXBuildFile; fileRef = A49FC96D2B03C1E800A50F0E /* BuildYourMealViewModelTests.swift */; };
		A49FC9782B03C1E800A50F0E /* CapstoneUITests.swift in Sources */ = {isa = PBXBuildFile; fileRef = A49FC9772B03C1E800A50F0E /* CapstoneUITests.swift */; };
		A4C29B222B084ACF0040A41A /* BuildYourMealViewModel.swift in Sources */ = {isa = PBXBuildFile; fileRef = A4C29B212B084ACF0040A41A /* BuildYourMealViewModel.swift */; };
		A4C5D2E42B14324A00494BDC /* LaunchBackground.png in Resources */ = {isa = PBXBuildFile; fileRef = A4C5D2E32B14324A00494BDC /* LaunchBackground.png */; };
		A4D7C0D32B106117006BC2FB /* OnboardingFlowViewModelTests.swift in Sources */ = {isa = PBXBuildFile; fileRef = A4D7C0D22B106117006BC2FB /* OnboardingFlowViewModelTests.swift */; };
		A4D7C0D52B106720006BC2FB /* UserPreferencesViewModelTests.swift in Sources */ = {isa = PBXBuildFile; fileRef = A4D7C0D42B106720006BC2FB /* UserPreferencesViewModelTests.swift */; };
		A4D7C0D72B106A7D006BC2FB /* UserNameViewModelTests.swift in Sources */ = {isa = PBXBuildFile; fileRef = A4D7C0D62B106A7D006BC2FB /* UserNameViewModelTests.swift */; };
		A4D7C0D92B106E43006BC2FB /* UserDetailViewModelTests.swift in Sources */ = {isa = PBXBuildFile; fileRef = A4D7C0D82B106E43006BC2FB /* UserDetailViewModelTests.swift */; };
		A4D7C0DC2B11AE3D006BC2FB /* IngredientView.swift in Sources */ = {isa = PBXBuildFile; fileRef = A4D7C0DB2B11AE3D006BC2FB /* IngredientView.swift */; };
		A4D7C0E02B11B0CC006BC2FB /* SelectableIngredientView.swift in Sources */ = {isa = PBXBuildFile; fileRef = A4D7C0DF2B11B0CC006BC2FB /* SelectableIngredientView.swift */; };
		A4D7C0E22B11B509006BC2FB /* EditableSelectableIngredientView.swift in Sources */ = {isa = PBXBuildFile; fileRef = A4D7C0E12B11B509006BC2FB /* EditableSelectableIngredientView.swift */; };
		A4D7C0E42B126B6C006BC2FB /* MealJSON.swift in Sources */ = {isa = PBXBuildFile; fileRef = A4D7C0E32B126B6C006BC2FB /* MealJSON.swift */; };
		A4D7C0E62B129790006BC2FB /* PrimaryButton.swift in Sources */ = {isa = PBXBuildFile; fileRef = A4D7C0E52B129790006BC2FB /* PrimaryButton.swift */; };
		A4D7C0E82B1299C1006BC2FB /* MealsView.swift in Sources */ = {isa = PBXBuildFile; fileRef = A4D7C0E72B1299C1006BC2FB /* MealsView.swift */; };
		A4D7C0EA2B12A77A006BC2FB /* LabeledTextField.swift in Sources */ = {isa = PBXBuildFile; fileRef = A4D7C0E92B12A77A006BC2FB /* LabeledTextField.swift */; };
		A4D7C0EC2B12AC92006BC2FB /* HeaderView.swift in Sources */ = {isa = PBXBuildFile; fileRef = A4D7C0EB2B12AC92006BC2FB /* HeaderView.swift */; };
		A4D7C0EE2B138155006BC2FB /* OpenAI-API-Key.plist in Resources */ = {isa = PBXBuildFile; fileRef = A4D7C0ED2B138155006BC2FB /* OpenAI-API-Key.plist */; };
		A4D7C0F02B1381E9006BC2FB /* Bundle+Extensions.swift in Sources */ = {isa = PBXBuildFile; fileRef = A4D7C0EF2B1381E9006BC2FB /* Bundle+Extensions.swift */; };
		A4D7C0F42B13892C006BC2FB /* DietaryPreferencesView.swift in Sources */ = {isa = PBXBuildFile; fileRef = A4D7C0F32B13892C006BC2FB /* DietaryPreferencesView.swift */; };
		A4E013462B07350D00D272A8 /* BuildYourMealView.swift in Sources */ = {isa = PBXBuildFile; fileRef = A4E013452B07350D00D272A8 /* BuildYourMealView.swift */; };
		A4F7414E2B15AC2000DC8FB7 /* CategoriesView.swift in Sources */ = {isa = PBXBuildFile; fileRef = A4F7414D2B15AC2000DC8FB7 /* CategoriesView.swift */; };
		A4F741522B16832B00DC8FB7 /* UserDefaults+Extensions.swift in Sources */ = {isa = PBXBuildFile; fileRef = A4F741512B16832B00DC8FB7 /* UserDefaults+Extensions.swift */; };
/* End PBXBuildFile section */

/* Begin PBXContainerItemProxy section */
		A49FC96A2B03C1E800A50F0E /* PBXContainerItemProxy */ = {
			isa = PBXContainerItemProxy;
			containerPortal = A49FC9512B03C1E700A50F0E /* Project object */;
			proxyType = 1;
			remoteGlobalIDString = A49FC9582B03C1E700A50F0E;
			remoteInfo = Capstone;
		};
		A49FC9742B03C1E800A50F0E /* PBXContainerItemProxy */ = {
			isa = PBXContainerItemProxy;
			containerPortal = A49FC9512B03C1E700A50F0E /* Project object */;
			proxyType = 1;
			remoteGlobalIDString = A49FC9582B03C1E700A50F0E;
			remoteInfo = Capstone;
		};
/* End PBXContainerItemProxy section */

/* Begin PBXFileReference section */
		A44DCCFC2B1447720099ADBA /* Onboarding3Image.swift */ = {isa = PBXFileReference; lastKnownFileType = sourcecode.swift; path = Onboarding3Image.swift; sourceTree = "<group>"; };
		A44DCCFE2B14493F0099ADBA /* Onboarding1Image.swift */ = {isa = PBXFileReference; lastKnownFileType = sourcecode.swift; path = Onboarding1Image.swift; sourceTree = "<group>"; };
		A44DCD002B1459100099ADBA /* Onboarding2Image.swift */ = {isa = PBXFileReference; lastKnownFileType = sourcecode.swift; path = Onboarding2Image.swift; sourceTree = "<group>"; };
		A44EC5612B03C527007CCB5B /* ImageButton.swift */ = {isa = PBXFileReference; lastKnownFileType = sourcecode.swift; path = ImageButton.swift; sourceTree = "<group>"; };
		A44EC5632B03C594007CCB5B /* FeaturesOnboardingPageView.swift */ = {isa = PBXFileReference; lastKnownFileType = sourcecode.swift; path = FeaturesOnboardingPageView.swift; sourceTree = "<group>"; };
		A44EC5652B03CCC6007CCB5B /* UserNameView.swift */ = {isa = PBXFileReference; lastKnownFileType = sourcecode.swift; path = UserNameView.swift; sourceTree = "<group>"; };
		A4530AA32B13F0EC00D423F2 /* AdaptsToKeyboard.swift */ = {isa = PBXFileReference; lastKnownFileType = sourcecode.swift; path = AdaptsToKeyboard.swift; sourceTree = "<group>"; };
		A4530AA52B1423A000D423F2 /* LaunchScreen.storyboard */ = {isa = PBXFileReference; lastKnownFileType = file.storyboard; path = LaunchScreen.storyboard; sourceTree = "<group>"; };
		A4530AA72B14262F00D423F2 /* Info.plist */ = {isa = PBXFileReference; lastKnownFileType = text.plist; path = Info.plist; sourceTree = "<group>"; };
		A45C14C02B09524A001F7529 /* URLSessionHTTPClient.swift */ = {isa = PBXFileReference; lastKnownFileType = sourcecode.swift; path = URLSessionHTTPClient.swift; sourceTree = "<group>"; };
		A45C14C22B09570F001F7529 /* URLSessionHTTPClientTests.swift */ = {isa = PBXFileReference; lastKnownFileType = sourcecode.swift; path = URLSessionHTTPClientTests.swift; sourceTree = "<group>"; };
		A45C14C42B0AA695001F7529 /* OpenAIListGeneratorTests.swift */ = {isa = PBXFileReference; lastKnownFileType = sourcecode.swift; path = OpenAIListGeneratorTests.swift; sourceTree = "<group>"; };
		A45C14C62B0ABAE7001F7529 /* OpenAIPromptTests.swift */ = {isa = PBXFileReference; lastKnownFileType = sourcecode.swift; path = OpenAIPromptTests.swift; sourceTree = "<group>"; };
		A45C14C82B0AC439001F7529 /* OpenAIListGenerator.swift */ = {isa = PBXFileReference; lastKnownFileType = sourcecode.swift; path = OpenAIListGenerator.swift; sourceTree = "<group>"; };
		A45C14CB2B0AC451001F7529 /* Prompt.swift */ = {isa = PBXFileReference; lastKnownFileType = sourcecode.swift; path = Prompt.swift; sourceTree = "<group>"; };
		A45C14CD2B0AC4DA001F7529 /* DietaryPreferences.swift */ = {isa = PBXFileReference; lastKnownFileType = sourcecode.swift; path = DietaryPreferences.swift; sourceTree = "<group>"; };
		A45C14CF2B0D23EE001F7529 /* ShoppingListReviewViewModel.swift */ = {isa = PBXFileReference; lastKnownFileType = sourcecode.swift; path = ShoppingListReviewViewModel.swift; sourceTree = "<group>"; };
		A45C14D32B0D51F3001F7529 /* ShoppingListViewModel.swift */ = {isa = PBXFileReference; lastKnownFileType = sourcecode.swift; path = ShoppingListViewModel.swift; sourceTree = "<group>"; };
		A45C14D52B0D8F51001F7529 /* UserPreferencesViewModel.swift */ = {isa = PBXFileReference; lastKnownFileType = sourcecode.swift; path = UserPreferencesViewModel.swift; sourceTree = "<group>"; };
		A45C14D82B0D97A1001F7529 /* UserDefault+Extensions.swift */ = {isa = PBXFileReference; lastKnownFileType = sourcecode.swift; path = "UserDefault+Extensions.swift"; sourceTree = "<group>"; };
		A45C14DA2B0D9EEA001F7529 /* UserNameViewModel.swift */ = {isa = PBXFileReference; lastKnownFileType = sourcecode.swift; path = UserNameViewModel.swift; sourceTree = "<group>"; };
		A45C14DE2B0DA55E001F7529 /* UserDetailViewModel.swift */ = {isa = PBXFileReference; lastKnownFileType = sourcecode.swift; path = UserDetailViewModel.swift; sourceTree = "<group>"; };
		A45C14E22B0DAD01001F7529 /* OnboardingFlowViewModel.swift */ = {isa = PBXFileReference; lastKnownFileType = sourcecode.swift; path = OnboardingFlowViewModel.swift; sourceTree = "<group>"; };
		A45C14EB2B0EF2F7001F7529 /* DetailView.swift */ = {isa = PBXFileReference; lastKnownFileType = sourcecode.swift; path = DetailView.swift; sourceTree = "<group>"; };
		A45EA22A2B03D7E20097B863 /* UserDetailView.swift */ = {isa = PBXFileReference; lastKnownFileType = sourcecode.swift; path = UserDetailView.swift; sourceTree = "<group>"; };
		A45EA22E2B03E8840097B863 /* ShoppingListView.swift */ = {isa = PBXFileReference; lastKnownFileType = sourcecode.swift; path = ShoppingListView.swift; sourceTree = "<group>"; };
		A45EA2342B03FEF90097B863 /* Meal.swift */ = {isa = PBXFileReference; lastKnownFileType = sourcecode.swift; path = Meal.swift; sourceTree = "<group>"; };
		A45EA23A2B043ED30097B863 /* HomeView.swift */ = {isa = PBXFileReference; lastKnownFileType = sourcecode.swift; path = HomeView.swift; sourceTree = "<group>"; };
		A45EA23C2B0441A70097B863 /* FeaturesOnboardingView.swift */ = {isa = PBXFileReference; lastKnownFileType = sourcecode.swift; path = FeaturesOnboardingView.swift; sourceTree = "<group>"; };
		A45EA23E2B0460C60097B863 /* ShoppingListReviewView.swift */ = {isa = PBXFileReference; lastKnownFileType = sourcecode.swift; path = ShoppingListReviewView.swift; sourceTree = "<group>"; };
		A45EA2402B0516210097B863 /* EmptyListView.swift */ = {isa = PBXFileReference; lastKnownFileType = sourcecode.swift; path = EmptyListView.swift; sourceTree = "<group>"; };
		A45EA2422B0550390097B863 /* UserPreferencesView.swift */ = {isa = PBXFileReference; lastKnownFileType = sourcecode.swift; path = UserPreferencesView.swift; sourceTree = "<group>"; };
		A45FFE5D2B0F95D2007FE7B3 /* ShoppingListReviewViewModelTests.swift */ = {isa = PBXFileReference; lastKnownFileType = sourcecode.swift; path = ShoppingListReviewViewModelTests.swift; sourceTree = "<group>"; };
		A45FFE5F2B0FB237007FE7B3 /* ShoppingListViewModelTests.swift */ = {isa = PBXFileReference; lastKnownFileType = sourcecode.swift; path = ShoppingListViewModelTests.swift; sourceTree = "<group>"; };
		A45FFE612B10007B007FE7B3 /* DetailViewModel.swift */ = {isa = PBXFileReference; lastKnownFileType = sourcecode.swift; path = DetailViewModel.swift; sourceTree = "<group>"; };
		A45FFE632B104C1A007FE7B3 /* NotificationName+Extensions.swift */ = {isa = PBXFileReference; lastKnownFileType = sourcecode.swift; path = "NotificationName+Extensions.swift"; sourceTree = "<group>"; };
		A45FFE662B104F5E007FE7B3 /* Meal+Fixture.swift */ = {isa = PBXFileReference; lastKnownFileType = sourcecode.swift; path = "Meal+Fixture.swift"; sourceTree = "<group>"; };
		A45FFE682B10506F007FE7B3 /* Ingredient+Fixture.swift */ = {isa = PBXFileReference; lastKnownFileType = sourcecode.swift; path = "Ingredient+Fixture.swift"; sourceTree = "<group>"; };
		A49FC9592B03C1E700A50F0E /* Capstone.app */ = {isa = PBXFileReference; explicitFileType = wrapper.application; includeInIndex = 0; path = Capstone.app; sourceTree = BUILT_PRODUCTS_DIR; };
		A49FC95C2B03C1E700A50F0E /* CapstoneApp.swift */ = {isa = PBXFileReference; lastKnownFileType = sourcecode.swift; path = CapstoneApp.swift; sourceTree = "<group>"; };
		A49FC95E2B03C1E700A50F0E /* OnboardingFlowView.swift */ = {isa = PBXFileReference; lastKnownFileType = sourcecode.swift; path = OnboardingFlowView.swift; sourceTree = "<group>"; };
		A49FC9602B03C1E800A50F0E /* Assets.xcassets */ = {isa = PBXFileReference; lastKnownFileType = folder.assetcatalog; path = Assets.xcassets; sourceTree = "<group>"; };
		A49FC9632B03C1E800A50F0E /* Preview Assets.xcassets */ = {isa = PBXFileReference; lastKnownFileType = folder.assetcatalog; path = "Preview Assets.xcassets"; sourceTree = "<group>"; };
		A49FC9692B03C1E800A50F0E /* CapstoneTests.xctest */ = {isa = PBXFileReference; explicitFileType = wrapper.cfbundle; includeInIndex = 0; path = CapstoneTests.xctest; sourceTree = BUILT_PRODUCTS_DIR; };
		A49FC96D2B03C1E800A50F0E /* BuildYourMealViewModelTests.swift */ = {isa = PBXFileReference; lastKnownFileType = sourcecode.swift; path = BuildYourMealViewModelTests.swift; sourceTree = "<group>"; };
		A49FC9732B03C1E800A50F0E /* CapstoneUITests.xctest */ = {isa = PBXFileReference; explicitFileType = wrapper.cfbundle; includeInIndex = 0; path = CapstoneUITests.xctest; sourceTree = BUILT_PRODUCTS_DIR; };
		A49FC9772B03C1E800A50F0E /* CapstoneUITests.swift */ = {isa = PBXFileReference; lastKnownFileType = sourcecode.swift; path = CapstoneUITests.swift; sourceTree = "<group>"; };
		A4C29B212B084ACF0040A41A /* BuildYourMealViewModel.swift */ = {isa = PBXFileReference; lastKnownFileType = sourcecode.swift; path = BuildYourMealViewModel.swift; sourceTree = "<group>"; };
		A4C29B232B085F1A0040A41A /* Capstone.xctestplan */ = {isa = PBXFileReference; lastKnownFileType = text; path = Capstone.xctestplan; sourceTree = "<group>"; };
		A4C5D2E32B14324A00494BDC /* LaunchBackground.png */ = {isa = PBXFileReference; lastKnownFileType = image.png; path = LaunchBackground.png; sourceTree = "<group>"; };
		A4D7C0D22B106117006BC2FB /* OnboardingFlowViewModelTests.swift */ = {isa = PBXFileReference; lastKnownFileType = sourcecode.swift; path = OnboardingFlowViewModelTests.swift; sourceTree = "<group>"; };
		A4D7C0D42B106720006BC2FB /* UserPreferencesViewModelTests.swift */ = {isa = PBXFileReference; lastKnownFileType = sourcecode.swift; path = UserPreferencesViewModelTests.swift; sourceTree = "<group>"; };
		A4D7C0D62B106A7D006BC2FB /* UserNameViewModelTests.swift */ = {isa = PBXFileReference; lastKnownFileType = sourcecode.swift; path = UserNameViewModelTests.swift; sourceTree = "<group>"; };
		A4D7C0D82B106E43006BC2FB /* UserDetailViewModelTests.swift */ = {isa = PBXFileReference; lastKnownFileType = sourcecode.swift; path = UserDetailViewModelTests.swift; sourceTree = "<group>"; };
		A4D7C0DB2B11AE3D006BC2FB /* IngredientView.swift */ = {isa = PBXFileReference; lastKnownFileType = sourcecode.swift; path = IngredientView.swift; sourceTree = "<group>"; };
		A4D7C0DF2B11B0CC006BC2FB /* SelectableIngredientView.swift */ = {isa = PBXFileReference; lastKnownFileType = sourcecode.swift; path = SelectableIngredientView.swift; sourceTree = "<group>"; };
		A4D7C0E12B11B509006BC2FB /* EditableSelectableIngredientView.swift */ = {isa = PBXFileReference; lastKnownFileType = sourcecode.swift; path = EditableSelectableIngredientView.swift; sourceTree = "<group>"; };
		A4D7C0E32B126B6C006BC2FB /* MealJSON.swift */ = {isa = PBXFileReference; lastKnownFileType = sourcecode.swift; path = MealJSON.swift; sourceTree = "<group>"; };
		A4D7C0E52B129790006BC2FB /* PrimaryButton.swift */ = {isa = PBXFileReference; lastKnownFileType = sourcecode.swift; path = PrimaryButton.swift; sourceTree = "<group>"; };
		A4D7C0E72B1299C1006BC2FB /* MealsView.swift */ = {isa = PBXFileReference; lastKnownFileType = sourcecode.swift; path = MealsView.swift; sourceTree = "<group>"; };
		A4D7C0E92B12A77A006BC2FB /* LabeledTextField.swift */ = {isa = PBXFileReference; lastKnownFileType = sourcecode.swift; path = LabeledTextField.swift; sourceTree = "<group>"; };
		A4D7C0EB2B12AC92006BC2FB /* HeaderView.swift */ = {isa = PBXFileReference; lastKnownFileType = sourcecode.swift; path = HeaderView.swift; sourceTree = "<group>"; };
		A4D7C0ED2B138155006BC2FB /* OpenAI-API-Key.plist */ = {isa = PBXFileReference; lastKnownFileType = text.plist.xml; path = "OpenAI-API-Key.plist"; sourceTree = "<group>"; };
		A4D7C0EF2B1381E9006BC2FB /* Bundle+Extensions.swift */ = {isa = PBXFileReference; lastKnownFileType = sourcecode.swift; path = "Bundle+Extensions.swift"; sourceTree = "<group>"; };
		A4D7C0F32B13892C006BC2FB /* DietaryPreferencesView.swift */ = {isa = PBXFileReference; lastKnownFileType = sourcecode.swift; path = DietaryPreferencesView.swift; sourceTree = "<group>"; };
		A4E013452B07350D00D272A8 /* BuildYourMealView.swift */ = {isa = PBXFileReference; lastKnownFileType = sourcecode.swift; path = BuildYourMealView.swift; sourceTree = "<group>"; };
		A4F7414D2B15AC2000DC8FB7 /* CategoriesView.swift */ = {isa = PBXFileReference; lastKnownFileType = sourcecode.swift; path = CategoriesView.swift; sourceTree = "<group>"; };
		A4F741512B16832B00DC8FB7 /* UserDefaults+Extensions.swift */ = {isa = PBXFileReference; lastKnownFileType = sourcecode.swift; path = "UserDefaults+Extensions.swift"; sourceTree = "<group>"; };
/* End PBXFileReference section */

/* Begin PBXFrameworksBuildPhase section */
		A49FC9562B03C1E700A50F0E /* Frameworks */ = {
			isa = PBXFrameworksBuildPhase;
			buildActionMask = 2147483647;
			files = (
			);
			runOnlyForDeploymentPostprocessing = 0;
		};
		A49FC9662B03C1E800A50F0E /* Frameworks */ = {
			isa = PBXFrameworksBuildPhase;
			buildActionMask = 2147483647;
			files = (
			);
			runOnlyForDeploymentPostprocessing = 0;
		};
		A49FC9702B03C1E800A50F0E /* Frameworks */ = {
			isa = PBXFrameworksBuildPhase;
			buildActionMask = 2147483647;
			files = (
			);
			runOnlyForDeploymentPostprocessing = 0;
		};
/* End PBXFrameworksBuildPhase section */

/* Begin PBXGroup section */
		A44DCCFB2B1447550099ADBA /* AnimatedImages */ = {
			isa = PBXGroup;
			children = (
				A44DCCFE2B14493F0099ADBA /* Onboarding1Image.swift */,
				A44DCD002B1459100099ADBA /* Onboarding2Image.swift */,
				A44DCCFC2B1447720099ADBA /* Onboarding3Image.swift */,
			);
			path = AnimatedImages;
			sourceTree = "<group>";
		};
		A4530AA22B13F0DC00D423F2 /* Modifiers */ = {
			isa = PBXGroup;
			children = (
				A4530AA32B13F0EC00D423F2 /* AdaptsToKeyboard.swift */,
			);
			path = Modifiers;
			sourceTree = "<group>";
		};
		A45C14BE2B0928AE001F7529 /* ShoppingListReview */ = {
			isa = PBXGroup;
			children = (
				A45EA23E2B0460C60097B863 /* ShoppingListReviewView.swift */,
				A45C14CF2B0D23EE001F7529 /* ShoppingListReviewViewModel.swift */,
			);
			path = ShoppingListReview;
			sourceTree = "<group>";
		};
		A45C14BF2B095218001F7529 /* API */ = {
			isa = PBXGroup;
			children = (
				A45C14C82B0AC439001F7529 /* OpenAIListGenerator.swift */,
				A45C14C02B09524A001F7529 /* URLSessionHTTPClient.swift */,
				A45C14CB2B0AC451001F7529 /* Prompt.swift */,
				A4D7C0E32B126B6C006BC2FB /* MealJSON.swift */,
			);
			path = API;
			sourceTree = "<group>";
		};
		A45C14D72B0D978B001F7529 /* Extensions */ = {
			isa = PBXGroup;
			children = (
				A45C14D82B0D97A1001F7529 /* UserDefault+Extensions.swift */,
				A45FFE632B104C1A007FE7B3 /* NotificationName+Extensions.swift */,
				A4D7C0EF2B1381E9006BC2FB /* Bundle+Extensions.swift */,
			);
			path = Extensions;
			sourceTree = "<group>";
		};
		A45C14DC2B0D9F06001F7529 /* UserName */ = {
			isa = PBXGroup;
			children = (
				A44EC5652B03CCC6007CCB5B /* UserNameView.swift */,
				A45C14DA2B0D9EEA001F7529 /* UserNameViewModel.swift */,
			);
			path = UserName;
			sourceTree = "<group>";
		};
		A45C14DD2B0DA53A001F7529 /* UserDetail */ = {
			isa = PBXGroup;
			children = (
				A45EA22A2B03D7E20097B863 /* UserDetailView.swift */,
				A45C14DE2B0DA55E001F7529 /* UserDetailViewModel.swift */,
			);
			path = UserDetail;
			sourceTree = "<group>";
		};
		A45C14E72B0DC389001F7529 /* Features */ = {
			isa = PBXGroup;
			children = (
				A45EA23C2B0441A70097B863 /* FeaturesOnboardingView.swift */,
				A44EC5632B03C594007CCB5B /* FeaturesOnboardingPageView.swift */,
			);
			path = Features;
			sourceTree = "<group>";
		};
		A45C14EA2B0EF2C6001F7529 /* Detail */ = {
			isa = PBXGroup;
			children = (
				A45C14EB2B0EF2F7001F7529 /* DetailView.swift */,
				A45FFE612B10007B007FE7B3 /* DetailViewModel.swift */,
			);
			path = Detail;
			sourceTree = "<group>";
		};
		A45EA2362B043DEA0097B863 /* Onboarding */ = {
			isa = PBXGroup;
			children = (
				A44DCCFB2B1447550099ADBA /* AnimatedImages */,
				A45C14E72B0DC389001F7529 /* Features */,
				A45C14DC2B0D9F06001F7529 /* UserName */,
				A45EA2382B043E590097B863 /* UserPreference */,
				A49FC95E2B03C1E700A50F0E /* OnboardingFlowView.swift */,
				A45C14E22B0DAD01001F7529 /* OnboardingFlowViewModel.swift */,
			);
			path = Onboarding;
			sourceTree = "<group>";
		};
		A45EA2372B043E080097B863 /* ShoppingList */ = {
			isa = PBXGroup;
			children = (
				A45C14EA2B0EF2C6001F7529 /* Detail */,
				A45EA22E2B03E8840097B863 /* ShoppingListView.swift */,
				A45C14D32B0D51F3001F7529 /* ShoppingListViewModel.swift */,
				A45EA2402B0516210097B863 /* EmptyListView.swift */,
				A4D7C0E72B1299C1006BC2FB /* MealsView.swift */,
				A44EC5612B03C527007CCB5B /* ImageButton.swift */,
			);
			path = ShoppingList;
			sourceTree = "<group>";
		};
		A45EA2382B043E590097B863 /* UserPreference */ = {
			isa = PBXGroup;
			children = (
				A45EA2422B0550390097B863 /* UserPreferencesView.swift */,
				A45C14D52B0D8F51001F7529 /* UserPreferencesViewModel.swift */,
				A45C14CD2B0AC4DA001F7529 /* DietaryPreferences.swift */,
			);
			path = UserPreference;
			sourceTree = "<group>";
		};
		A45EA2392B043EB90097B863 /* Home */ = {
			isa = PBXGroup;
			children = (
				A45EA23A2B043ED30097B863 /* HomeView.swift */,
			);
			path = Home;
			sourceTree = "<group>";
		};
		A45FFE652B104F21007FE7B3 /* Fixtures */ = {
			isa = PBXGroup;
			children = (
				A45FFE662B104F5E007FE7B3 /* Meal+Fixture.swift */,
				A45FFE682B10506F007FE7B3 /* Ingredient+Fixture.swift */,
			);
			path = Fixtures;
			sourceTree = "<group>";
		};
		A49FC9502B03C1E700A50F0E = {
			isa = PBXGroup;
			children = (
				A49FC95B2B03C1E700A50F0E /* Capstone */,
				A49FC96C2B03C1E800A50F0E /* CapstoneTests */,
				A49FC9762B03C1E800A50F0E /* CapstoneUITests */,
				A49FC95A2B03C1E700A50F0E /* Products */,
			);
			sourceTree = "<group>";
		};
		A49FC95A2B03C1E700A50F0E /* Products */ = {
			isa = PBXGroup;
			children = (
				A49FC9592B03C1E700A50F0E /* Capstone.app */,
				A49FC9692B03C1E800A50F0E /* CapstoneTests.xctest */,
				A49FC9732B03C1E800A50F0E /* CapstoneUITests.xctest */,
			);
			name = Products;
			sourceTree = "<group>";
		};
		A49FC95B2B03C1E700A50F0E /* Capstone */ = {
			isa = PBXGroup;
			children = (
				A4530AA72B14262F00D423F2 /* Info.plist */,
				A49FC95C2B03C1E700A50F0E /* CapstoneApp.swift */,
				A4D7C0DA2B11AE2C006BC2FB /* Views */,
				A45EA2362B043DEA0097B863 /* Onboarding */,
				A45EA2392B043EB90097B863 /* Home */,
				A45EA2372B043E080097B863 /* ShoppingList */,
				A4C29B202B084AB40040A41A /* AddNewShoppingList */,
				A45C14BE2B0928AE001F7529 /* ShoppingListReview */,
				A45C14DD2B0DA53A001F7529 /* UserDetail */,
				A45C14BF2B095218001F7529 /* API */,
				A45C14D72B0D978B001F7529 /* Extensions */,
				A49FC9622B03C1E800A50F0E /* Preview Content */,
				A4D7C0ED2B138155006BC2FB /* OpenAI-API-Key.plist */,
				A4530AA52B1423A000D423F2 /* LaunchScreen.storyboard */,
				A49FC9602B03C1E800A50F0E /* Assets.xcassets */,
				A4C5D2E32B14324A00494BDC /* LaunchBackground.png */,
			);
			path = Capstone;
			sourceTree = "<group>";
		};
		A49FC9622B03C1E800A50F0E /* Preview Content */ = {
			isa = PBXGroup;
			children = (
				A49FC9632B03C1E800A50F0E /* Preview Assets.xcassets */,
			);
			path = "Preview Content";
			sourceTree = "<group>";
		};
		A49FC96C2B03C1E800A50F0E /* CapstoneTests */ = {
			isa = PBXGroup;
			children = (
				A4F741502B16830100DC8FB7 /* Helpers */,
				A45FFE652B104F21007FE7B3 /* Fixtures */,
				A4C29B232B085F1A0040A41A /* Capstone.xctestplan */,
				A4D7C0D22B106117006BC2FB /* OnboardingFlowViewModelTests.swift */,
				A4D7C0D62B106A7D006BC2FB /* UserNameViewModelTests.swift */,
				A4D7C0D42B106720006BC2FB /* UserPreferencesViewModelTests.swift */,
				A45FFE5F2B0FB237007FE7B3 /* ShoppingListViewModelTests.swift */,
				A49FC96D2B03C1E800A50F0E /* BuildYourMealViewModelTests.swift */,
				A45FFE5D2B0F95D2007FE7B3 /* ShoppingListReviewViewModelTests.swift */,
				A4D7C0D82B106E43006BC2FB /* UserDetailViewModelTests.swift */,
				A45C14C42B0AA695001F7529 /* OpenAIListGeneratorTests.swift */,
				A45C14C22B09570F001F7529 /* URLSessionHTTPClientTests.swift */,
				A45C14C62B0ABAE7001F7529 /* OpenAIPromptTests.swift */,
			);
			path = CapstoneTests;
			sourceTree = "<group>";
		};
		A49FC9762B03C1E800A50F0E /* CapstoneUITests */ = {
			isa = PBXGroup;
			children = (
				A49FC9772B03C1E800A50F0E /* CapstoneUITests.swift */,
			);
			path = CapstoneUITests;
			sourceTree = "<group>";
		};
		A4C29B202B084AB40040A41A /* AddNewShoppingList */ = {
			isa = PBXGroup;
			children = (
				A4E013452B07350D00D272A8 /* BuildYourMealView.swift */,
				A4C29B212B084ACF0040A41A /* BuildYourMealViewModel.swift */,
				A45EA2342B03FEF90097B863 /* Meal.swift */,
			);
			path = AddNewShoppingList;
			sourceTree = "<group>";
		};
		A4D7C0DA2B11AE2C006BC2FB /* Views */ = {
			isa = PBXGroup;
			children = (
				A4530AA22B13F0DC00D423F2 /* Modifiers */,
				A4D7C0DB2B11AE3D006BC2FB /* IngredientView.swift */,
				A4D7C0DF2B11B0CC006BC2FB /* SelectableIngredientView.swift */,
				A4D7C0E12B11B509006BC2FB /* EditableSelectableIngredientView.swift */,
				A4D7C0E52B129790006BC2FB /* PrimaryButton.swift */,
				A4D7C0E92B12A77A006BC2FB /* LabeledTextField.swift */,
				A4D7C0EB2B12AC92006BC2FB /* HeaderView.swift */,
				A4D7C0F32B13892C006BC2FB /* DietaryPreferencesView.swift */,
				A4F7414D2B15AC2000DC8FB7 /* CategoriesView.swift */,
			);
			path = Views;
			sourceTree = "<group>";
		};
		A4F741502B16830100DC8FB7 /* Helpers */ = {
			isa = PBXGroup;
			children = (
				A4F741512B16832B00DC8FB7 /* UserDefaults+Extensions.swift */,
			);
			path = Helpers;
			sourceTree = "<group>";
		};
/* End PBXGroup section */

/* Begin PBXNativeTarget section */
		A49FC9582B03C1E700A50F0E /* Capstone */ = {
			isa = PBXNativeTarget;
			buildConfigurationList = A49FC97D2B03C1E800A50F0E /* Build configuration list for PBXNativeTarget "Capstone" */;
			buildPhases = (
				A4F7414F2B163D0300DC8FB7 /* SwiftLint */,
				A49FC9552B03C1E700A50F0E /* Sources */,
				A49FC9562B03C1E700A50F0E /* Frameworks */,
				A49FC9572B03C1E700A50F0E /* Resources */,
			);
			buildRules = (
			);
			dependencies = (
			);
			name = Capstone;
			productName = Capstone;
			productReference = A49FC9592B03C1E700A50F0E /* Capstone.app */;
			productType = "com.apple.product-type.application";
		};
		A49FC9682B03C1E800A50F0E /* CapstoneTests */ = {
			isa = PBXNativeTarget;
			buildConfigurationList = A49FC9802B03C1E800A50F0E /* Build configuration list for PBXNativeTarget "CapstoneTests" */;
			buildPhases = (
				A49FC9652B03C1E800A50F0E /* Sources */,
				A49FC9662B03C1E800A50F0E /* Frameworks */,
				A49FC9672B03C1E800A50F0E /* Resources */,
			);
			buildRules = (
			);
			dependencies = (
				A49FC96B2B03C1E800A50F0E /* PBXTargetDependency */,
			);
			name = CapstoneTests;
			productName = CapstoneTests;
			productReference = A49FC9692B03C1E800A50F0E /* CapstoneTests.xctest */;
			productType = "com.apple.product-type.bundle.unit-test";
		};
		A49FC9722B03C1E800A50F0E /* CapstoneUITests */ = {
			isa = PBXNativeTarget;
			buildConfigurationList = A49FC9832B03C1E800A50F0E /* Build configuration list for PBXNativeTarget "CapstoneUITests" */;
			buildPhases = (
				A49FC96F2B03C1E800A50F0E /* Sources */,
				A49FC9702B03C1E800A50F0E /* Frameworks */,
				A49FC9712B03C1E800A50F0E /* Resources */,
			);
			buildRules = (
			);
			dependencies = (
				A49FC9752B03C1E800A50F0E /* PBXTargetDependency */,
			);
			name = CapstoneUITests;
			productName = CapstoneUITests;
			productReference = A49FC9732B03C1E800A50F0E /* CapstoneUITests.xctest */;
			productType = "com.apple.product-type.bundle.ui-testing";
		};
/* End PBXNativeTarget section */

/* Begin PBXProject section */
		A49FC9512B03C1E700A50F0E /* Project object */ = {
			isa = PBXProject;
			attributes = {
				BuildIndependentTargetsInParallel = 1;
				LastSwiftUpdateCheck = 1430;
				LastUpgradeCheck = 1430;
				TargetAttributes = {
					A49FC9582B03C1E700A50F0E = {
						CreatedOnToolsVersion = 14.3.1;
					};
					A49FC9682B03C1E800A50F0E = {
						CreatedOnToolsVersion = 14.3.1;
						TestTargetID = A49FC9582B03C1E700A50F0E;
					};
					A49FC9722B03C1E800A50F0E = {
						CreatedOnToolsVersion = 14.3.1;
						TestTargetID = A49FC9582B03C1E700A50F0E;
					};
				};
			};
			buildConfigurationList = A49FC9542B03C1E700A50F0E /* Build configuration list for PBXProject "Capstone" */;
			compatibilityVersion = "Xcode 14.0";
			developmentRegion = en;
			hasScannedForEncodings = 0;
			knownRegions = (
				en,
				Base,
			);
			mainGroup = A49FC9502B03C1E700A50F0E;
			productRefGroup = A49FC95A2B03C1E700A50F0E /* Products */;
			projectDirPath = "";
			projectRoot = "";
			targets = (
				A49FC9582B03C1E700A50F0E /* Capstone */,
				A49FC9682B03C1E800A50F0E /* CapstoneTests */,
				A49FC9722B03C1E800A50F0E /* CapstoneUITests */,
			);
		};
/* End PBXProject section */

/* Begin PBXResourcesBuildPhase section */
		A49FC9572B03C1E700A50F0E /* Resources */ = {
			isa = PBXResourcesBuildPhase;
			buildActionMask = 2147483647;
			files = (
				A49FC9642B03C1E800A50F0E /* Preview Assets.xcassets in Resources */,
				A49FC9612B03C1E800A50F0E /* Assets.xcassets in Resources */,
				A4530AA62B1423A000D423F2 /* LaunchScreen.storyboard in Resources */,
				A4D7C0EE2B138155006BC2FB /* OpenAI-API-Key.plist in Resources */,
				A4C5D2E42B14324A00494BDC /* LaunchBackground.png in Resources */,
			);
			runOnlyForDeploymentPostprocessing = 0;
		};
		A49FC9672B03C1E800A50F0E /* Resources */ = {
			isa = PBXResourcesBuildPhase;
			buildActionMask = 2147483647;
			files = (
			);
			runOnlyForDeploymentPostprocessing = 0;
		};
		A49FC9712B03C1E800A50F0E /* Resources */ = {
			isa = PBXResourcesBuildPhase;
			buildActionMask = 2147483647;
			files = (
			);
			runOnlyForDeploymentPostprocessing = 0;
		};
/* End PBXResourcesBuildPhase section */

/* Begin PBXShellScriptBuildPhase section */
		A4F7414F2B163D0300DC8FB7 /* SwiftLint */ = {
			isa = PBXShellScriptBuildPhase;
			buildActionMask = 2147483647;
			files = (
			);
			inputFileListPaths = (
			);
			inputPaths = (
			);
			name = SwiftLint;
			outputFileListPaths = (
			);
			outputPaths = (
			);
			runOnlyForDeploymentPostprocessing = 0;
			shellPath = /bin/sh;
			shellScript = "PATH=/opt/homebrew/bin:$PATH\nif [ -f ~/com.raywenderlich.swiftlint.yml ]; then\n  if which swiftlint >/dev/null; then\n    swiftlint --no-cache --config ~/com.raywenderlich.swiftlint.yml\n  fi\nfi\n";
		};
/* End PBXShellScriptBuildPhase section */

/* Begin PBXSourcesBuildPhase section */
		A49FC9552B03C1E700A50F0E /* Sources */ = {
			isa = PBXSourcesBuildPhase;
			buildActionMask = 2147483647;
			files = (
				A44DCD012B1459100099ADBA /* Onboarding2Image.swift in Sources */,
				A44DCCFF2B14493F0099ADBA /* Onboarding1Image.swift in Sources */,
				A49FC95F2B03C1E700A50F0E /* OnboardingFlowView.swift in Sources */,
				A45EA23F2B0460C60097B863 /* ShoppingListReviewView.swift in Sources */,
				A44EC5642B03C594007CCB5B /* FeaturesOnboardingPageView.swift in Sources */,
				A4D7C0DC2B11AE3D006BC2FB /* IngredientView.swift in Sources */,
				A44EC5662B03CCC6007CCB5B /* UserNameView.swift in Sources */,
				A4D7C0EC2B12AC92006BC2FB /* HeaderView.swift in Sources */,
				A4F7414E2B15AC2000DC8FB7 /* CategoriesView.swift in Sources */,
				A45C14D42B0D51F3001F7529 /* ShoppingListViewModel.swift in Sources */,
				A45C14CE2B0AC4DA001F7529 /* DietaryPreferences.swift in Sources */,
				A45EA23B2B043ED30097B863 /* HomeView.swift in Sources */,
				A4D7C0F42B13892C006BC2FB /* DietaryPreferencesView.swift in Sources */,
				A45EA2412B0516210097B863 /* EmptyListView.swift in Sources */,
				A49FC95D2B03C1E700A50F0E /* CapstoneApp.swift in Sources */,
				A4D7C0F02B1381E9006BC2FB /* Bundle+Extensions.swift in Sources */,
				A45C14CC2B0AC451001F7529 /* Prompt.swift in Sources */,
				A4D7C0E02B11B0CC006BC2FB /* SelectableIngredientView.swift in Sources */,
				A45C14D92B0D97A1001F7529 /* UserDefault+Extensions.swift in Sources */,
				A45EA2352B03FEF90097B863 /* Meal.swift in Sources */,
				A45EA22B2B03D7E20097B863 /* UserDetailView.swift in Sources */,
				A44DCCFD2B1447720099ADBA /* Onboarding3Image.swift in Sources */,
				A4C29B222B084ACF0040A41A /* BuildYourMealViewModel.swift in Sources */,
				A4D7C0E42B126B6C006BC2FB /* MealJSON.swift in Sources */,
				A45C14E32B0DAD01001F7529 /* OnboardingFlowViewModel.swift in Sources */,
				A45C14DB2B0D9EEA001F7529 /* UserNameViewModel.swift in Sources */,
				A45C14C12B09524A001F7529 /* URLSessionHTTPClient.swift in Sources */,
				A4D7C0E22B11B509006BC2FB /* EditableSelectableIngredientView.swift in Sources */,
				A45EA22F2B03E8840097B863 /* ShoppingListView.swift in Sources */,
				A4E013462B07350D00D272A8 /* BuildYourMealView.swift in Sources */,
				A4D7C0EA2B12A77A006BC2FB /* LabeledTextField.swift in Sources */,
				A45C14EC2B0EF2F7001F7529 /* DetailView.swift in Sources */,
				A4D7C0E62B129790006BC2FB /* PrimaryButton.swift in Sources */,
				A45C14D62B0D8F51001F7529 /* UserPreferencesViewModel.swift in Sources */,
				A44EC5622B03C527007CCB5B /* ImageButton.swift in Sources */,
				A45C14C92B0AC439001F7529 /* OpenAIListGenerator.swift in Sources */,
				A45FFE622B10007B007FE7B3 /* DetailViewModel.swift in Sources */,
				A45EA2432B0550390097B863 /* UserPreferencesView.swift in Sources */,
				A4530AA42B13F0EC00D423F2 /* AdaptsToKeyboard.swift in Sources */,
				A45C14DF2B0DA55E001F7529 /* UserDetailViewModel.swift in Sources */,
				A45C14D02B0D23EE001F7529 /* ShoppingListReviewViewModel.swift in Sources */,
				A4D7C0E82B1299C1006BC2FB /* MealsView.swift in Sources */,
				A45FFE642B104C1A007FE7B3 /* NotificationName+Extensions.swift in Sources */,
				A45EA23D2B0441A70097B863 /* FeaturesOnboardingView.swift in Sources */,
			);
			runOnlyForDeploymentPostprocessing = 0;
		};
		A49FC9652B03C1E800A50F0E /* Sources */ = {
			isa = PBXSourcesBuildPhase;
			buildActionMask = 2147483647;
			files = (
				A4F741522B16832B00DC8FB7 /* UserDefaults+Extensions.swift in Sources */,
				A45C14C52B0AA695001F7529 /* OpenAIListGeneratorTests.swift in Sources */,
				A45FFE672B104F5E007FE7B3 /* Meal+Fixture.swift in Sources */,
				A45FFE5E2B0F95D2007FE7B3 /* ShoppingListReviewViewModelTests.swift in Sources */,
				A49FC96E2B03C1E800A50F0E /* BuildYourMealViewModelTests.swift in Sources */,
				A4D7C0D72B106A7D006BC2FB /* UserNameViewModelTests.swift in Sources */,
				A45C14C32B09570F001F7529 /* URLSessionHTTPClientTests.swift in Sources */,
				A4D7C0D92B106E43006BC2FB /* UserDetailViewModelTests.swift in Sources */,
				A45FFE602B0FB237007FE7B3 /* ShoppingListViewModelTests.swift in Sources */,
				A45FFE692B10506F007FE7B3 /* Ingredient+Fixture.swift in Sources */,
				A4D7C0D32B106117006BC2FB /* OnboardingFlowViewModelTests.swift in Sources */,
				A4D7C0D52B106720006BC2FB /* UserPreferencesViewModelTests.swift in Sources */,
				A45C14C72B0ABAE7001F7529 /* OpenAIPromptTests.swift in Sources */,
			);
			runOnlyForDeploymentPostprocessing = 0;
		};
		A49FC96F2B03C1E800A50F0E /* Sources */ = {
			isa = PBXSourcesBuildPhase;
			buildActionMask = 2147483647;
			files = (
				A49FC9782B03C1E800A50F0E /* CapstoneUITests.swift in Sources */,
			);
			runOnlyForDeploymentPostprocessing = 0;
		};
/* End PBXSourcesBuildPhase section */

/* Begin PBXTargetDependency section */
		A49FC96B2B03C1E800A50F0E /* PBXTargetDependency */ = {
			isa = PBXTargetDependency;
			target = A49FC9582B03C1E700A50F0E /* Capstone */;
			targetProxy = A49FC96A2B03C1E800A50F0E /* PBXContainerItemProxy */;
		};
		A49FC9752B03C1E800A50F0E /* PBXTargetDependency */ = {
			isa = PBXTargetDependency;
			target = A49FC9582B03C1E700A50F0E /* Capstone */;
			targetProxy = A49FC9742B03C1E800A50F0E /* PBXContainerItemProxy */;
		};
/* End PBXTargetDependency section */

/* Begin XCBuildConfiguration section */
		A49FC97B2B03C1E800A50F0E /* Debug */ = {
			isa = XCBuildConfiguration;
			buildSettings = {
				ALWAYS_SEARCH_USER_PATHS = NO;
				CLANG_ANALYZER_NONNULL = YES;
				CLANG_ANALYZER_NUMBER_OBJECT_CONVERSION = YES_AGGRESSIVE;
				CLANG_CXX_LANGUAGE_STANDARD = "gnu++20";
				CLANG_ENABLE_MODULES = YES;
				CLANG_ENABLE_OBJC_ARC = YES;
				CLANG_ENABLE_OBJC_WEAK = YES;
				CLANG_WARN_BLOCK_CAPTURE_AUTORELEASING = YES;
				CLANG_WARN_BOOL_CONVERSION = YES;
				CLANG_WARN_COMMA = YES;
				CLANG_WARN_CONSTANT_CONVERSION = YES;
				CLANG_WARN_DEPRECATED_OBJC_IMPLEMENTATIONS = YES;
				CLANG_WARN_DIRECT_OBJC_ISA_USAGE = YES_ERROR;
				CLANG_WARN_DOCUMENTATION_COMMENTS = YES;
				CLANG_WARN_EMPTY_BODY = YES;
				CLANG_WARN_ENUM_CONVERSION = YES;
				CLANG_WARN_INFINITE_RECURSION = YES;
				CLANG_WARN_INT_CONVERSION = YES;
				CLANG_WARN_NON_LITERAL_NULL_CONVERSION = YES;
				CLANG_WARN_OBJC_IMPLICIT_RETAIN_SELF = YES;
				CLANG_WARN_OBJC_LITERAL_CONVERSION = YES;
				CLANG_WARN_OBJC_ROOT_CLASS = YES_ERROR;
				CLANG_WARN_QUOTED_INCLUDE_IN_FRAMEWORK_HEADER = YES;
				CLANG_WARN_RANGE_LOOP_ANALYSIS = YES;
				CLANG_WARN_STRICT_PROTOTYPES = YES;
				CLANG_WARN_SUSPICIOUS_MOVE = YES;
				CLANG_WARN_UNGUARDED_AVAILABILITY = YES_AGGRESSIVE;
				CLANG_WARN_UNREACHABLE_CODE = YES;
				CLANG_WARN__DUPLICATE_METHOD_MATCH = YES;
				COPY_PHASE_STRIP = NO;
				DEBUG_INFORMATION_FORMAT = dwarf;
				ENABLE_STRICT_OBJC_MSGSEND = YES;
				ENABLE_TESTABILITY = YES;
				GCC_C_LANGUAGE_STANDARD = gnu11;
				GCC_DYNAMIC_NO_PIC = NO;
				GCC_NO_COMMON_BLOCKS = YES;
				GCC_OPTIMIZATION_LEVEL = 0;
				GCC_PREPROCESSOR_DEFINITIONS = (
					"DEBUG=1",
					"$(inherited)",
				);
				GCC_WARN_64_TO_32_BIT_CONVERSION = YES;
				GCC_WARN_ABOUT_RETURN_TYPE = YES_ERROR;
				GCC_WARN_UNDECLARED_SELECTOR = YES;
				GCC_WARN_UNINITIALIZED_AUTOS = YES_AGGRESSIVE;
				GCC_WARN_UNUSED_FUNCTION = YES;
				GCC_WARN_UNUSED_VARIABLE = YES;
				IPHONEOS_DEPLOYMENT_TARGET = 16.4;
				MTL_ENABLE_DEBUG_INFO = INCLUDE_SOURCE;
				MTL_FAST_MATH = YES;
				ONLY_ACTIVE_ARCH = YES;
				SDKROOT = iphoneos;
				SWIFT_ACTIVE_COMPILATION_CONDITIONS = DEBUG;
				SWIFT_OPTIMIZATION_LEVEL = "-Onone";
			};
			name = Debug;
		};
		A49FC97C2B03C1E800A50F0E /* Release */ = {
			isa = XCBuildConfiguration;
			buildSettings = {
				ALWAYS_SEARCH_USER_PATHS = NO;
				CLANG_ANALYZER_NONNULL = YES;
				CLANG_ANALYZER_NUMBER_OBJECT_CONVERSION = YES_AGGRESSIVE;
				CLANG_CXX_LANGUAGE_STANDARD = "gnu++20";
				CLANG_ENABLE_MODULES = YES;
				CLANG_ENABLE_OBJC_ARC = YES;
				CLANG_ENABLE_OBJC_WEAK = YES;
				CLANG_WARN_BLOCK_CAPTURE_AUTORELEASING = YES;
				CLANG_WARN_BOOL_CONVERSION = YES;
				CLANG_WARN_COMMA = YES;
				CLANG_WARN_CONSTANT_CONVERSION = YES;
				CLANG_WARN_DEPRECATED_OBJC_IMPLEMENTATIONS = YES;
				CLANG_WARN_DIRECT_OBJC_ISA_USAGE = YES_ERROR;
				CLANG_WARN_DOCUMENTATION_COMMENTS = YES;
				CLANG_WARN_EMPTY_BODY = YES;
				CLANG_WARN_ENUM_CONVERSION = YES;
				CLANG_WARN_INFINITE_RECURSION = YES;
				CLANG_WARN_INT_CONVERSION = YES;
				CLANG_WARN_NON_LITERAL_NULL_CONVERSION = YES;
				CLANG_WARN_OBJC_IMPLICIT_RETAIN_SELF = YES;
				CLANG_WARN_OBJC_LITERAL_CONVERSION = YES;
				CLANG_WARN_OBJC_ROOT_CLASS = YES_ERROR;
				CLANG_WARN_QUOTED_INCLUDE_IN_FRAMEWORK_HEADER = YES;
				CLANG_WARN_RANGE_LOOP_ANALYSIS = YES;
				CLANG_WARN_STRICT_PROTOTYPES = YES;
				CLANG_WARN_SUSPICIOUS_MOVE = YES;
				CLANG_WARN_UNGUARDED_AVAILABILITY = YES_AGGRESSIVE;
				CLANG_WARN_UNREACHABLE_CODE = YES;
				CLANG_WARN__DUPLICATE_METHOD_MATCH = YES;
				COPY_PHASE_STRIP = NO;
				DEBUG_INFORMATION_FORMAT = "dwarf-with-dsym";
				ENABLE_NS_ASSERTIONS = NO;
				ENABLE_STRICT_OBJC_MSGSEND = YES;
				GCC_C_LANGUAGE_STANDARD = gnu11;
				GCC_NO_COMMON_BLOCKS = YES;
				GCC_WARN_64_TO_32_BIT_CONVERSION = YES;
				GCC_WARN_ABOUT_RETURN_TYPE = YES_ERROR;
				GCC_WARN_UNDECLARED_SELECTOR = YES;
				GCC_WARN_UNINITIALIZED_AUTOS = YES_AGGRESSIVE;
				GCC_WARN_UNUSED_FUNCTION = YES;
				GCC_WARN_UNUSED_VARIABLE = YES;
				IPHONEOS_DEPLOYMENT_TARGET = 16.4;
				MTL_ENABLE_DEBUG_INFO = NO;
				MTL_FAST_MATH = YES;
				SDKROOT = iphoneos;
				SWIFT_COMPILATION_MODE = wholemodule;
				SWIFT_OPTIMIZATION_LEVEL = "-O";
				VALIDATE_PRODUCT = YES;
			};
			name = Release;
		};
		A49FC97E2B03C1E800A50F0E /* Debug */ = {
			isa = XCBuildConfiguration;
			buildSettings = {
				ASSETCATALOG_COMPILER_APPICON_NAME = AppIcon;
				ASSETCATALOG_COMPILER_GLOBAL_ACCENT_COLOR_NAME = AccentColor;
				ASSETCATALOG_COMPILER_INCLUDE_ALL_APPICON_ASSETS = YES;
				CODE_SIGN_STYLE = Automatic;
				CURRENT_PROJECT_VERSION = 1;
				DEVELOPMENT_ASSET_PATHS = "\"Capstone/Preview Content\"";
				DEVELOPMENT_TEAM = 69T9YBDLV5;
				ENABLE_PREVIEWS = YES;
				GENERATE_INFOPLIST_FILE = YES;
				INFOPLIST_FILE = Capstone/Info.plist;
				INFOPLIST_KEY_CFBundleDisplayName = AlIngredients;
				INFOPLIST_KEY_UIApplicationSceneManifest_Generation = YES;
				INFOPLIST_KEY_UIApplicationSupportsIndirectInputEvents = YES;
				INFOPLIST_KEY_UILaunchStoryboardName = LaunchScreen.storyboard;
				INFOPLIST_KEY_UISupportedInterfaceOrientations_iPad = "UIInterfaceOrientationPortrait UIInterfaceOrientationPortraitUpsideDown UIInterfaceOrientationLandscapeLeft UIInterfaceOrientationLandscapeRight";
				INFOPLIST_KEY_UISupportedInterfaceOrientations_iPhone = "UIInterfaceOrientationPortrait UIInterfaceOrientationLandscapeLeft UIInterfaceOrientationLandscapeRight";
				LD_RUNPATH_SEARCH_PATHS = (
					"$(inherited)",
					"@executable_path/Frameworks",
				);
				MARKETING_VERSION = 1.0;
				PRODUCT_BUNDLE_IDENTIFIER = com.policiano.AIIngredients;
				PRODUCT_NAME = "$(TARGET_NAME)";
				SWIFT_EMIT_LOC_STRINGS = YES;
				SWIFT_VERSION = 5.0;
				TARGETED_DEVICE_FAMILY = "1,2";
			};
			name = Debug;
		};
		A49FC97F2B03C1E800A50F0E /* Release */ = {
			isa = XCBuildConfiguration;
			buildSettings = {
				ASSETCATALOG_COMPILER_APPICON_NAME = AppIcon;
				ASSETCATALOG_COMPILER_GLOBAL_ACCENT_COLOR_NAME = AccentColor;
				ASSETCATALOG_COMPILER_INCLUDE_ALL_APPICON_ASSETS = YES;
				CODE_SIGN_STYLE = Automatic;
				CURRENT_PROJECT_VERSION = 1;
				DEVELOPMENT_ASSET_PATHS = "\"Capstone/Preview Content\"";
				DEVELOPMENT_TEAM = 69T9YBDLV5;
				ENABLE_PREVIEWS = YES;
				GENERATE_INFOPLIST_FILE = YES;
				INFOPLIST_FILE = Capstone/Info.plist;
				INFOPLIST_KEY_CFBundleDisplayName = AlIngredients;
				INFOPLIST_KEY_UIApplicationSceneManifest_Generation = YES;
				INFOPLIST_KEY_UIApplicationSupportsIndirectInputEvents = YES;
				INFOPLIST_KEY_UILaunchStoryboardName = LaunchScreen.storyboard;
				INFOPLIST_KEY_UISupportedInterfaceOrientations_iPad = "UIInterfaceOrientationPortrait UIInterfaceOrientationPortraitUpsideDown UIInterfaceOrientationLandscapeLeft UIInterfaceOrientationLandscapeRight";
				INFOPLIST_KEY_UISupportedInterfaceOrientations_iPhone = "UIInterfaceOrientationPortrait UIInterfaceOrientationLandscapeLeft UIInterfaceOrientationLandscapeRight";
				LD_RUNPATH_SEARCH_PATHS = (
					"$(inherited)",
					"@executable_path/Frameworks",
				);
				MARKETING_VERSION = 1.0;
				PRODUCT_BUNDLE_IDENTIFIER = com.policiano.AIIngredients;
				PRODUCT_NAME = "$(TARGET_NAME)";
				SWIFT_EMIT_LOC_STRINGS = YES;
				SWIFT_VERSION = 5.0;
				TARGETED_DEVICE_FAMILY = "1,2";
			};
			name = Release;
		};
		A49FC9812B03C1E800A50F0E /* Debug */ = {
			isa = XCBuildConfiguration;
			buildSettings = {
				ALWAYS_EMBED_SWIFT_STANDARD_LIBRARIES = YES;
				BUNDLE_LOADER = "$(TEST_HOST)";
				CODE_SIGN_STYLE = Automatic;
				CURRENT_PROJECT_VERSION = 1;
				DEVELOPMENT_TEAM = 69T9YBDLV5;
				GENERATE_INFOPLIST_FILE = YES;
				IPHONEOS_DEPLOYMENT_TARGET = 16.4;
				MARKETING_VERSION = 1.0;
				PRODUCT_BUNDLE_IDENTIFIER = com.policiano.CapstoneTests;
				PRODUCT_NAME = "$(TARGET_NAME)";
				SWIFT_EMIT_LOC_STRINGS = NO;
				SWIFT_VERSION = 5.0;
				TARGETED_DEVICE_FAMILY = "1,2";
				TEST_HOST = "$(BUILT_PRODUCTS_DIR)/Capstone.app/$(BUNDLE_EXECUTABLE_FOLDER_PATH)/Capstone";
			};
			name = Debug;
		};
		A49FC9822B03C1E800A50F0E /* Release */ = {
			isa = XCBuildConfiguration;
			buildSettings = {
				ALWAYS_EMBED_SWIFT_STANDARD_LIBRARIES = YES;
				BUNDLE_LOADER = "$(TEST_HOST)";
				CODE_SIGN_STYLE = Automatic;
				CURRENT_PROJECT_VERSION = 1;
				DEVELOPMENT_TEAM = 69T9YBDLV5;
				GENERATE_INFOPLIST_FILE = YES;
				IPHONEOS_DEPLOYMENT_TARGET = 16.4;
				MARKETING_VERSION = 1.0;
				PRODUCT_BUNDLE_IDENTIFIER = com.policiano.CapstoneTests;
				PRODUCT_NAME = "$(TARGET_NAME)";
				SWIFT_EMIT_LOC_STRINGS = NO;
				SWIFT_VERSION = 5.0;
				TARGETED_DEVICE_FAMILY = "1,2";
				TEST_HOST = "$(BUILT_PRODUCTS_DIR)/Capstone.app/$(BUNDLE_EXECUTABLE_FOLDER_PATH)/Capstone";
			};
			name = Release;
		};
		A49FC9842B03C1E800A50F0E /* Debug */ = {
			isa = XCBuildConfiguration;
			buildSettings = {
				ALWAYS_EMBED_SWIFT_STANDARD_LIBRARIES = YES;
				CODE_SIGN_STYLE = Automatic;
				CURRENT_PROJECT_VERSION = 1;
				DEVELOPMENT_TEAM = 69T9YBDLV5;
				GENERATE_INFOPLIST_FILE = YES;
				MARKETING_VERSION = 1.0;
				PRODUCT_BUNDLE_IDENTIFIER = com.policiano.CapstoneUITests;
				PRODUCT_NAME = "$(TARGET_NAME)";
				SWIFT_EMIT_LOC_STRINGS = NO;
				SWIFT_VERSION = 5.0;
				TARGETED_DEVICE_FAMILY = "1,2";
				TEST_TARGET_NAME = Capstone;
			};
			name = Debug;
		};
		A49FC9852B03C1E800A50F0E /* Release */ = {
			isa = XCBuildConfiguration;
			buildSettings = {
				ALWAYS_EMBED_SWIFT_STANDARD_LIBRARIES = YES;
				CODE_SIGN_STYLE = Automatic;
				CURRENT_PROJECT_VERSION = 1;
				DEVELOPMENT_TEAM = 69T9YBDLV5;
				GENERATE_INFOPLIST_FILE = YES;
				MARKETING_VERSION = 1.0;
				PRODUCT_BUNDLE_IDENTIFIER = com.policiano.CapstoneUITests;
				PRODUCT_NAME = "$(TARGET_NAME)";
				SWIFT_EMIT_LOC_STRINGS = NO;
				SWIFT_VERSION = 5.0;
				TARGETED_DEVICE_FAMILY = "1,2";
				TEST_TARGET_NAME = Capstone;
			};
			name = Release;
		};
/* End XCBuildConfiguration section */

/* Begin XCConfigurationList section */
		A49FC9542B03C1E700A50F0E /* Build configuration list for PBXProject "Capstone" */ = {
			isa = XCConfigurationList;
			buildConfigurations = (
				A49FC97B2B03C1E800A50F0E /* Debug */,
				A49FC97C2B03C1E800A50F0E /* Release */,
			);
			defaultConfigurationIsVisible = 0;
			defaultConfigurationName = Release;
		};
		A49FC97D2B03C1E800A50F0E /* Build configuration list for PBXNativeTarget "Capstone" */ = {
			isa = XCConfigurationList;
			buildConfigurations = (
				A49FC97E2B03C1E800A50F0E /* Debug */,
				A49FC97F2B03C1E800A50F0E /* Release */,
			);
			defaultConfigurationIsVisible = 0;
			defaultConfigurationName = Release;
		};
		A49FC9802B03C1E800A50F0E /* Build configuration list for PBXNativeTarget "CapstoneTests" */ = {
			isa = XCConfigurationList;
			buildConfigurations = (
				A49FC9812B03C1E800A50F0E /* Debug */,
				A49FC9822B03C1E800A50F0E /* Release */,
			);
			defaultConfigurationIsVisible = 0;
			defaultConfigurationName = Release;
		};
		A49FC9832B03C1E800A50F0E /* Build configuration list for PBXNativeTarget "CapstoneUITests" */ = {
			isa = XCConfigurationList;
			buildConfigurations = (
				A49FC9842B03C1E800A50F0E /* Debug */,
				A49FC9852B03C1E800A50F0E /* Release */,
			);
			defaultConfigurationIsVisible = 0;
			defaultConfigurationName = Release;
		};
/* End XCConfigurationList section */
	};
	rootObject = A49FC9512B03C1E700A50F0E /* Project object */;
}
